
Microsoft Visual Studio Solution File, Format Version 12.00
# Visual Studio 2013
VisualStudioVersion = 12.0.31101.0
MinimumVisualStudioVersion = 10.0.40219.1
Project("{FAE04EC0-301F-11D3-BF4B-00C04F79EFBC}") = "CW.Backend.Services", "src\CW.Backend.Services\CW.Backend.Services.csproj", "{185AF251-E0FB-4997-812A-206673AFCAA2}"
EndProject
Project("{FAE04EC0-301F-11D3-BF4B-00C04F79EFBC}") = "CW.Backend.DAL.CRUD.Entities", "src\CW.Backend.DAL.CRUD.Entities\CW.Backend.DAL.CRUD.Entities.csproj", "{708537E4-4311-4BC7-ABCD-BA95D639A18C}"
EndProject
Project("{FAE04EC0-301F-11D3-BF4B-00C04F79EFBC}") = "CW.Backend.DAL.Query", "src\CW.Backend.DAL.Query\CW.Backend.DAL.Query.csproj", "{46FFBB65-7F34-4BAA-A193-E5B229EEEE47}"
EndProject
Project("{FAE04EC0-301F-11D3-BF4B-00C04F79EFBC}") = "CW.Backend.DAL.Query.Entities", "src\CW.Backend.DAL.Query.Entities\CW.Backend.DAL.Query.Entities.csproj", "{64726FB1-ACED-4370-8C5E-F51682C5F560}"
EndProject
Project("{FAE04EC0-301F-11D3-BF4B-00C04F79EFBC}") = "CW.Backend.DAL.Base", "src\CW.Backend.DAL.Base\CW.Backend.DAL.Base.csproj", "{C27F82E9-BC2A-4EEF-9190-2ACAF002EC84}"
EndProject
Project("{FAE04EC0-301F-11D3-BF4B-00C04F79EFBC}") = "CW.Backend.DAL.Insight", "src\CW.Backend.DAL.Insight\CW.Backend.DAL.Insight.csproj", "{5F339477-770C-4561-B375-01BA1AF443AC}"
EndProject
Project("{FAE04EC0-301F-11D3-BF4B-00C04F79EFBC}") = "CW.Backend.DAL.Insight.Entities", "src\CW.Backend.DAL.Insight.Entities\CW.Backend.DAL.Insight.Entities.csproj", "{AB48EA91-1EE7-4DDE-A721-EF798DAD24C6}"
EndProject
Project("{2150E333-8FDC-42A3-9474-1A3956D46DE8}") = "DAL", "DAL", "{47E453B8-4E30-4335-891B-5B7876F54060}"
EndProject
Project("{2150E333-8FDC-42A3-9474-1A3956D46DE8}") = "Entities", "Entities", "{12FBC98D-FBF0-43C7-AE2F-F49320DA045F}"
EndProject
Project("{FAE04EC0-301F-11D3-BF4B-00C04F79EFBC}") = "CW.Backend.Service.Authentication", "src\CW.Backend.Service.Authentication\CW.Backend.Service.Authentication.csproj", "{DD73AFAC-33F3-45BF-950B-03DE609FC96D}"
EndProject
Project("{FAE04EC0-301F-11D3-BF4B-00C04F79EFBC}") = "CW.Backend.DAL.CRUD", "src\CW.Backend.DAL.CRUD\CW.Backend.DAL.CRUD.csproj", "{7EDE8C64-0A3A-423A-BF32-FA38913C11E7}"
EndProject
Project("{2150E333-8FDC-42A3-9474-1A3956D46DE8}") = "Tests", "Tests", "{0EC2160B-EE2C-4D99-91E0-8B7537FE7861}"
EndProject
Project("{FAE04EC0-301F-11D3-BF4B-00C04F79EFBC}") = "CW.Backend.DAL.CRUD.Tests", "tests\CW.Backend.DAL.CRUD.Tests\CW.Backend.DAL.CRUD.Tests.csproj", "{585CDA7C-9FD4-4674-8C13-DB7FA965DE70}"
EndProject
Project("{FAE04EC0-301F-11D3-BF4B-00C04F79EFBC}") = "CW.Backend.DAL.Insight.Tests", "tests\CW.Backend.DAL.Insight.Tests\CW.Backend.DAL.Insight.Tests.csproj", "{2E371CC8-A42B-4424-861F-5D825B38E96B}"
EndProject
Project("{FAE04EC0-301F-11D3-BF4B-00C04F79EFBC}") = "CW.Backend.Services.Tests", "tests\CW.Backend.Services.Tests\CW.Backend.Services.Tests.csproj", "{ED2DCC09-9E94-4EF1-BD17-05ABAD478340}"
EndProject
Project("{FAE04EC0-301F-11D3-BF4B-00C04F79EFBC}") = "CW.Backend.DAL.Query.Tests", "tests\CW.Backend.DAL.Query.Tests\CW.Backend.DAL.Query.Tests.csproj", "{70E9275B-048C-4CC3-A647-0F369671A007}"
EndProject
Project("{FAE04EC0-301F-11D3-BF4B-00C04F79EFBC}") = "CW.Backend.Service.Authentication.Tests", "tests\CW.Backend.Service.Authentication.Tests\CW.Backend.Service.Authentication.Tests.csproj", "{E242AFFD-D19D-4AB3-84F8-5202FC49476F}"
EndProject
Global
	GlobalSection(SolutionConfigurationPlatforms) = preSolution
		Debug|Any CPU = Debug|Any CPU
		Release|Any CPU = Release|Any CPU
	EndGlobalSection
	GlobalSection(ProjectConfigurationPlatforms) = postSolution
		{185AF251-E0FB-4997-812A-206673AFCAA2}.Debug|Any CPU.ActiveCfg = Debug|Any CPU
		{185AF251-E0FB-4997-812A-206673AFCAA2}.Debug|Any CPU.Build.0 = Debug|Any CPU
		{185AF251-E0FB-4997-812A-206673AFCAA2}.Release|Any CPU.ActiveCfg = Release|Any CPU
		{185AF251-E0FB-4997-812A-206673AFCAA2}.Release|Any CPU.Build.0 = Release|Any CPU
		{708537E4-4311-4BC7-ABCD-BA95D639A18C}.Debug|Any CPU.ActiveCfg = Debug|Any CPU
		{708537E4-4311-4BC7-ABCD-BA95D639A18C}.Debug|Any CPU.Build.0 = Debug|Any CPU
		{708537E4-4311-4BC7-ABCD-BA95D639A18C}.Release|Any CPU.ActiveCfg = Release|Any CPU
		{708537E4-4311-4BC7-ABCD-BA95D639A18C}.Release|Any CPU.Build.0 = Release|Any CPU
		{46FFBB65-7F34-4BAA-A193-E5B229EEEE47}.Debug|Any CPU.ActiveCfg = Debug|Any CPU
		{46FFBB65-7F34-4BAA-A193-E5B229EEEE47}.Debug|Any CPU.Build.0 = Debug|Any CPU
		{46FFBB65-7F34-4BAA-A193-E5B229EEEE47}.Release|Any CPU.ActiveCfg = Release|Any CPU
		{46FFBB65-7F34-4BAA-A193-E5B229EEEE47}.Release|Any CPU.Build.0 = Release|Any CPU
		{64726FB1-ACED-4370-8C5E-F51682C5F560}.Debug|Any CPU.ActiveCfg = Debug|Any CPU
		{64726FB1-ACED-4370-8C5E-F51682C5F560}.Debug|Any CPU.Build.0 = Debug|Any CPU
		{64726FB1-ACED-4370-8C5E-F51682C5F560}.Release|Any CPU.ActiveCfg = Release|Any CPU
		{64726FB1-ACED-4370-8C5E-F51682C5F560}.Release|Any CPU.Build.0 = Release|Any CPU
		{C27F82E9-BC2A-4EEF-9190-2ACAF002EC84}.Debug|Any CPU.ActiveCfg = Debug|Any CPU
		{C27F82E9-BC2A-4EEF-9190-2ACAF002EC84}.Debug|Any CPU.Build.0 = Debug|Any CPU
		{C27F82E9-BC2A-4EEF-9190-2ACAF002EC84}.Release|Any CPU.ActiveCfg = Release|Any CPU
		{C27F82E9-BC2A-4EEF-9190-2ACAF002EC84}.Release|Any CPU.Build.0 = Release|Any CPU
		{5F339477-770C-4561-B375-01BA1AF443AC}.Debug|Any CPU.ActiveCfg = Debug|Any CPU
		{5F339477-770C-4561-B375-01BA1AF443AC}.Debug|Any CPU.Build.0 = Debug|Any CPU
		{5F339477-770C-4561-B375-01BA1AF443AC}.Release|Any CPU.ActiveCfg = Release|Any CPU
		{5F339477-770C-4561-B375-01BA1AF443AC}.Release|Any CPU.Build.0 = Release|Any CPU
		{AB48EA91-1EE7-4DDE-A721-EF798DAD24C6}.Debug|Any CPU.ActiveCfg = Debug|Any CPU
		{AB48EA91-1EE7-4DDE-A721-EF798DAD24C6}.Debug|Any CPU.Build.0 = Debug|Any CPU
		{AB48EA91-1EE7-4DDE-A721-EF798DAD24C6}.Release|Any CPU.ActiveCfg = Release|Any CPU
		{AB48EA91-1EE7-4DDE-A721-EF798DAD24C6}.Release|Any CPU.Build.0 = Release|Any CPU
		{DD73AFAC-33F3-45BF-950B-03DE609FC96D}.Debug|Any CPU.ActiveCfg = Debug|Any CPU
		{DD73AFAC-33F3-45BF-950B-03DE609FC96D}.Debug|Any CPU.Build.0 = Debug|Any CPU
		{DD73AFAC-33F3-45BF-950B-03DE609FC96D}.Release|Any CPU.ActiveCfg = Release|Any CPU
		{DD73AFAC-33F3-45BF-950B-03DE609FC96D}.Release|Any CPU.Build.0 = Release|Any CPU
		{7EDE8C64-0A3A-423A-BF32-FA38913C11E7}.Debug|Any CPU.ActiveCfg = Debug|Any CPU
		{7EDE8C64-0A3A-423A-BF32-FA38913C11E7}.Debug|Any CPU.Build.0 = Debug|Any CPU
		{7EDE8C64-0A3A-423A-BF32-FA38913C11E7}.Release|Any CPU.ActiveCfg = Release|Any CPU
		{7EDE8C64-0A3A-423A-BF32-FA38913C11E7}.Release|Any CPU.Build.0 = Release|Any CPU
		{585CDA7C-9FD4-4674-8C13-DB7FA965DE70}.Debug|Any CPU.ActiveCfg = Debug|Any CPU
		{585CDA7C-9FD4-4674-8C13-DB7FA965DE70}.Debug|Any CPU.Build.0 = Debug|Any CPU
		{585CDA7C-9FD4-4674-8C13-DB7FA965DE70}.Release|Any CPU.ActiveCfg = Release|Any CPU
		{585CDA7C-9FD4-4674-8C13-DB7FA965DE70}.Release|Any CPU.Build.0 = Release|Any CPU
		{2E371CC8-A42B-4424-861F-5D825B38E96B}.Debug|Any CPU.ActiveCfg = Debug|Any CPU
		{2E371CC8-A42B-4424-861F-5D825B38E96B}.Debug|Any CPU.Build.0 = Debug|Any CPU
		{2E371CC8-A42B-4424-861F-5D825B38E96B}.Release|Any CPU.ActiveCfg = Release|Any CPU
		{2E371CC8-A42B-4424-861F-5D825B38E96B}.Release|Any CPU.Build.0 = Release|Any CPU
		{ED2DCC09-9E94-4EF1-BD17-05ABAD478340}.Debug|Any CPU.ActiveCfg = Debug|Any CPU
		{ED2DCC09-9E94-4EF1-BD17-05ABAD478340}.Debug|Any CPU.Build.0 = Debug|Any CPU
		{ED2DCC09-9E94-4EF1-BD17-05ABAD478340}.Release|Any CPU.ActiveCfg = Release|Any CPU
		{ED2DCC09-9E94-4EF1-BD17-05ABAD478340}.Release|Any CPU.Build.0 = Release|Any CPU
		{70E9275B-048C-4CC3-A647-0F369671A007}.Debug|Any CPU.ActiveCfg = Debug|Any CPU
		{70E9275B-048C-4CC3-A647-0F369671A007}.Debug|Any CPU.Build.0 = Debug|Any CPU
		{70E9275B-048C-4CC3-A647-0F369671A007}.Release|Any CPU.ActiveCfg = Release|Any CPU
		{70E9275B-048C-4CC3-A647-0F369671A007}.Release|Any CPU.Build.0 = Release|Any CPU
		{E242AFFD-D19D-4AB3-84F8-5202FC49476F}.Debug|Any CPU.ActiveCfg = Debug|Any CPU
		{E242AFFD-D19D-4AB3-84F8-5202FC49476F}.Debug|Any CPU.Build.0 = Debug|Any CPU
		{E242AFFD-D19D-4AB3-84F8-5202FC49476F}.Release|Any CPU.ActiveCfg = Release|Any CPU
		{E242AFFD-D19D-4AB3-84F8-5202FC49476F}.Release|Any CPU.Build.0 = Release|Any CPU
	EndGlobalSection
	GlobalSection(SolutionProperties) = preSolution
		HideSolutionNode = FALSE
	EndGlobalSection
	GlobalSection(NestedProjects) = preSolution
		{708537E4-4311-4BC7-ABCD-BA95D639A18C} = {12FBC98D-FBF0-43C7-AE2F-F49320DA045F}
		{46FFBB65-7F34-4BAA-A193-E5B229EEEE47} = {47E453B8-4E30-4335-891B-5B7876F54060}
		{64726FB1-ACED-4370-8C5E-F51682C5F560} = {12FBC98D-FBF0-43C7-AE2F-F49320DA045F}
		{C27F82E9-BC2A-4EEF-9190-2ACAF002EC84} = {47E453B8-4E30-4335-891B-5B7876F54060}
		{5F339477-770C-4561-B375-01BA1AF443AC} = {47E453B8-4E30-4335-891B-5B7876F54060}
		{AB48EA91-1EE7-4DDE-A721-EF798DAD24C6} = {12FBC98D-FBF0-43C7-AE2F-F49320DA045F}
		{7EDE8C64-0A3A-423A-BF32-FA38913C11E7} = {47E453B8-4E30-4335-891B-5B7876F54060}
		{585CDA7C-9FD4-4674-8C13-DB7FA965DE70} = {0EC2160B-EE2C-4D99-91E0-8B7537FE7861}
		{2E371CC8-A42B-4424-861F-5D825B38E96B} = {0EC2160B-EE2C-4D99-91E0-8B7537FE7861}
		{ED2DCC09-9E94-4EF1-BD17-05ABAD478340} = {0EC2160B-EE2C-4D99-91E0-8B7537FE7861}
		{70E9275B-048C-4CC3-A647-0F369671A007} = {0EC2160B-EE2C-4D99-91E0-8B7537FE7861}
		{E242AFFD-D19D-4AB3-84F8-5202FC49476F} = {0EC2160B-EE2C-4D99-91E0-8B7537FE7861}
	EndGlobalSection
EndGlobal
